
Microsoft Visual Studio Solution File, Format Version 12.00
# Visual Studio Version 17
VisualStudioVersion = 17.2.32630.192
MinimumVisualStudioVersion = 10.0.40219.1
Project("{9A19103F-16F7-4668-BE54-9A1E7A4F7556}") = "LoadOfDisciplines", "LoadOfDisciplines\LoadOfDisciplines.csproj", "{F1AC0B07-13BC-4399-89C2-E75F3B10BF0B}"
EndProject
Project("{2150E333-8FDC-42A3-9474-1A3956D46DE8}") = "Solution Items", "Solution Items", "{5333AFE2-06A4-458A-A176-3FE4E1A39B14}"
	ProjectSection(SolutionItems) = preProject
		README.md = README.md
	EndProjectSection
EndProject
Project("{9A19103F-16F7-4668-BE54-9A1E7A4F7556}") = "LoadOfEducationalPrograms", "LoadOfEducationalPrograms\LoadOfEducationalPrograms.csproj", "{76E5BE8E-6768-483D-AC53-892D311363B2}"
EndProject
Project("{9A19103F-16F7-4668-BE54-9A1E7A4F7556}") = "Service.Core", "Service.Core\Service.Core.csproj", "{C92707D3-FC9B-4F1E-A912-331FE47D659B}"
EndProject
Project("{9A19103F-16F7-4668-BE54-9A1E7A4F7556}") = "LoadOfStudyPlans", "LoadOfStudyPlans\LoadOfStudyPlans.csproj", "{7A24F01D-4277-4C22-9BD4-40DA254F1D6E}"
EndProject
Project("{FAE04EC0-301F-11D3-BF4B-00C04F79EFBC}") = "LoadOfDisciplinesAndStudyPlans", "LoadOfDisciplinesAndStudyPlans\LoadOfDisciplinesAndStudyPlans.csproj", "{4D56BC6B-8441-402F-A8B1-12273BB0C428}"
EndProject
Global
	GlobalSection(SolutionConfigurationPlatforms) = preSolution
		Debug|Any CPU = Debug|Any CPU
		Release|Any CPU = Release|Any CPU
	EndGlobalSection
	GlobalSection(ProjectConfigurationPlatforms) = postSolution
		{F1AC0B07-13BC-4399-89C2-E75F3B10BF0B}.Debug|Any CPU.ActiveCfg = Debug|Any CPU
		{F1AC0B07-13BC-4399-89C2-E75F3B10BF0B}.Debug|Any CPU.Build.0 = Debug|Any CPU
		{F1AC0B07-13BC-4399-89C2-E75F3B10BF0B}.Release|Any CPU.ActiveCfg = Release|Any CPU
		{F1AC0B07-13BC-4399-89C2-E75F3B10BF0B}.Release|Any CPU.Build.0 = Release|Any CPU
		{76E5BE8E-6768-483D-AC53-892D311363B2}.Debug|Any CPU.ActiveCfg = Debug|Any CPU
		{76E5BE8E-6768-483D-AC53-892D311363B2}.Debug|Any CPU.Build.0 = Debug|Any CPU
		{76E5BE8E-6768-483D-AC53-892D311363B2}.Release|Any CPU.ActiveCfg = Release|Any CPU
		{76E5BE8E-6768-483D-AC53-892D311363B2}.Release|Any CPU.Build.0 = Release|Any CPU
		{C92707D3-FC9B-4F1E-A912-331FE47D659B}.Debug|Any CPU.ActiveCfg = Debug|Any CPU
		{C92707D3-FC9B-4F1E-A912-331FE47D659B}.Debug|Any CPU.Build.0 = Debug|Any CPU
		{C92707D3-FC9B-4F1E-A912-331FE47D659B}.Release|Any CPU.ActiveCfg = Release|Any CPU
		{C92707D3-FC9B-4F1E-A912-331FE47D659B}.Release|Any CPU.Build.0 = Release|Any CPU
		{7A24F01D-4277-4C22-9BD4-40DA254F1D6E}.Debug|Any CPU.ActiveCfg = Debug|Any CPU
		{7A24F01D-4277-4C22-9BD4-40DA254F1D6E}.Debug|Any CPU.Build.0 = Debug|Any CPU
		{7A24F01D-4277-4C22-9BD4-40DA254F1D6E}.Release|Any CPU.ActiveCfg = Release|Any CPU
		{7A24F01D-4277-4C22-9BD4-40DA254F1D6E}.Release|Any CPU.Build.0 = Release|Any CPU
		{4D56BC6B-8441-402F-A8B1-12273BB0C428}.Debug|Any CPU.ActiveCfg = Debug|Any CPU
		{4D56BC6B-8441-402F-A8B1-12273BB0C428}.Debug|Any CPU.Build.0 = Debug|Any CPU
		{4D56BC6B-8441-402F-A8B1-12273BB0C428}.Release|Any CPU.ActiveCfg = Release|Any CPU
		{4D56BC6B-8441-402F-A8B1-12273BB0C428}.Release|Any CPU.Build.0 = Release|Any CPU
	EndGlobalSection
	GlobalSection(SolutionProperties) = preSolution
		HideSolutionNode = FALSE
	EndGlobalSection
	GlobalSection(ExtensibilityGlobals) = postSolution
		SolutionGuid = {635624C6-2FE2-4EBB-9492-5499C8F83047}
	EndGlobalSection
EndGlobal
